
Microsoft Visual Studio Solution File, Format Version 12.00
# Visual Studio 15
VisualStudioVersion = 15.0.26430.16
MinimumVisualStudioVersion = 10.0.40219.1
Project("{FAE04EC0-301F-11D3-BF4B-00C04F79EFBC}") = "RandomShapes", "RandomShapes\RandomShapes.csproj", "{C99E0A8E-A2C0-42DE-88C9-03D0F6A24A2B}"
EndProject
Global
	GlobalSection(SolutionConfigurationPlatforms) = preSolution
		Debug|Any CPU = Debug|Any CPU
		Release|Any CPU = Release|Any CPU
	EndGlobalSection
	GlobalSection(ProjectConfigurationPlatforms) = postSolution
		{C99E0A8E-A2C0-42DE-88C9-03D0F6A24A2B}.Debug|Any CPU.ActiveCfg = Debug|Any CPU
		{C99E0A8E-A2C0-42DE-88C9-03D0F6A24A2B}.Debug|Any CPU.Build.0 = Debug|Any CPU
		{C99E0A8E-A2C0-42DE-88C9-03D0F6A24A2B}.Release|Any CPU.ActiveCfg = Release|Any CPU
		{C99E0A8E-A2C0-42DE-88C9-03D0F6A24A2B}.Release|Any CPU.Build.0 = Release|Any CPU
	EndGlobalSection
	GlobalSection(SolutionProperties) = preSolution
		HideSolutionNode = FALSE
	EndGlobalSection
EndGlobal
