
Microsoft Visual Studio Solution File, Format Version 12.00
# Visual Studio 15
VisualStudioVersion = 15.0.28307.106
MinimumVisualStudioVersion = 10.0.40219.1
Project("{9A19103F-16F7-4668-BE54-9A1E7A4F7556}") = "MouseMover", "MouseMover.csproj", "{2245C268-6405-4F2A-83B8-16D9BF0E8CB2}"
EndProject
Global
	GlobalSection(SolutionConfigurationPlatforms) = preSolution
		Debug|Any CPU = Debug|Any CPU
		Release|Any CPU = Release|Any CPU
	EndGlobalSection
	GlobalSection(ProjectConfigurationPlatforms) = postSolution
		{2245C268-6405-4F2A-83B8-16D9BF0E8CB2}.Debug|Any CPU.ActiveCfg = Debug|Any CPU
		{2245C268-6405-4F2A-83B8-16D9BF0E8CB2}.Debug|Any CPU.Build.0 = Debug|Any CPU
		{2245C268-6405-4F2A-83B8-16D9BF0E8CB2}.Release|Any CPU.ActiveCfg = Release|Any CPU
		{2245C268-6405-4F2A-83B8-16D9BF0E8CB2}.Release|Any CPU.Build.0 = Release|Any CPU
	EndGlobalSection
	GlobalSection(SolutionProperties) = preSolution
		HideSolutionNode = FALSE
	EndGlobalSection
	GlobalSection(ExtensibilityGlobals) = postSolution
		SolutionGuid = {907F300D-DCF6-4E00-98F0-0E9BAAF86F3E}
	EndGlobalSection
EndGlobal
